{
  "name": "teamcode",
  "lockfileVersion": 3,
  "requires": true,
  "packages": {
    "": {
      "dependencies": {
        "@openai/codex": "^0.97.0"
      }
    },
    "node_modules/@openai/codex": {
      "version": "0.97.0",
      "resolved": "https://registry.npmjs.org/@openai/codex/-/codex-0.97.0.tgz",
      "integrity": "sha512-3bG0SFuC5nEQd5CZuIj4qV/6QyAb9mpQPKJKYNAo7NptFNifCI+hcP4a+/zjy+hNndvnvuylkCoj+BWDXq+cIA==",
      "license": "Apache-2.0",
      "bin": {
        "codex": "bin/codex.js"
      },
      "engines": {
        "node": ">=16"
      }
    }
  }
}
